<?xml version="1.0" encoding="utf-8"?>
<Project ToolsVersion="4.0" xmlns="http://schemas.microsoft.com/developer/msbuild/2003">
  <ItemGroup>
    <Filter Include="Quelldateien">
      <UniqueIdentifier>{4FC737F1-C7A5-4376-A066-2A32D752A2FF}</UniqueIdentifier>
      <Extensions>cpp;c;cc;cxx;def;odl;idl;hpj;bat;asm;asmx</Extensions>
    </Filter>
    <Filter Include="Headerdateien">
      <UniqueIdentifier>{93995380-89BD-4b04-88EB-625FBE52EBFB}</UniqueIdentifier>
      <Extensions>h;hh;hpp;hxx;hm;inl;inc;ipp;xsd</Extensions>
    </Filter>
    <Filter Include="Ressourcendateien">
      <UniqueIdentifier>{67DA6AB6-F800-4c08-8B7A-83BB121AAD01}</UniqueIdentifier>
      <Extensions>rc;ico;cur;bmp;dlg;rc2;rct;bin;rgs;gif;jpg;jpeg;jpe;resx;tiff;tif;png;wav;mfcribbon-ms</Extensions>
    </Filter>
  </ItemGroup>
  <ItemGroup>
    <ClInclude Include="src\graphics\Window.h">
      <Filter>Headerdateien</Filter>
    </ClInclude>
    <ClInclude Include="src\graphics\Renderer.h">
      <Filter>Headerdateien</Filter>
    </ClInclude>
    <ClInclude Include="src\graphics\Universal\Platform.h">
      <Filter>Headerdateien</Filter>
    </ClInclude>
    <ClInclude Include="src\graphics\Universal\OpenGL\glext.h">
      <Filter>Headerdateien</Filter>
    </ClInclude>
    <ClInclude Include="src\graphics\Universal\OpenGL\khrplatform.h">
      <Filter>Headerdateien</Filter>
    </ClInclude>
    <ClInclude Include="src\graphics\Universal\OpenGL\glcorearb.h">
      <Filter>Headerdateien</Filter>
    </ClInclude>
    <ClInclude Include="src\graphics\Universal\OpenGL\GleanGL.h">
      <Filter>Headerdateien</Filter>
    </ClInclude>
    <ClInclude Include="src\events\Event.h">
      <Filter>Headerdateien</Filter>
    </ClInclude>
    <ClInclude Include="src\events\Mac_Events.mm">
      <Filter>Headerdateien</Filter>
    </ClInclude>
    <ClInclude Include="src\graphics\Shader.h">
      <Filter>Headerdateien</Filter>
    </ClInclude>
    <ClInclude Include="src\util\FileUtil.h">
      <Filter>Headerdateien</Filter>
    </ClInclude>
    <ClInclude Include="src\graphics\Camera.h">
      <Filter>Headerdateien</Filter>
    </ClInclude>
    <ClInclude Include="src\graphics\objects\Mesh.h">
      <Filter>Headerdateien</Filter>
    </ClInclude>
    <ClInclude Include="src\graphics\objects\Sphere.h">
      <Filter>Headerdateien</Filter>
    </ClInclude>
    <ClInclude Include="src\graphics\native\Universal\OpenCL\GleanCL.h">
      <Filter>Headerdateien</Filter>
    </ClInclude>
    <ClInclude Include="src\graphics\native\Universal\OpenGL\glcorearb.h">
      <Filter>Headerdateien</Filter>
    </ClInclude>
    <ClInclude Include="src\graphics\native\Universal\OpenGL\GleanGL.h">
      <Filter>Headerdateien</Filter>
    </ClInclude>
    <ClInclude Include="src\graphics\native\Universal\OpenGL\glext.h">
      <Filter>Headerdateien</Filter>
    </ClInclude>
    <ClInclude Include="src\graphics\native\Universal\OpenGL\khrplatform.h">
      <Filter>Headerdateien</Filter>
    </ClInclude>
    <ClInclude Include="src\graphics\native\Universal\Platform.h">
      <Filter>Headerdateien</Filter>
    </ClInclude>
    <ClInclude Include="src\graphics\lighting\Light.h">
      <Filter>Headerdateien</Filter>
    </ClInclude>
    <ClInclude Include="src\graphics\lighting\Material.h">
      <Filter>Headerdateien</Filter>
    </ClInclude>
    <ClInclude Include="src\math\GleanMath.h">
      <Filter>Headerdateien</Filter>
    </ClInclude>
    <ClInclude Include="src\math\Matrix.h">
      <Filter>Headerdateien</Filter>
    </ClInclude>
    <ClInclude Include="src\math\Vector.h">
      <Filter>Headerdateien</Filter>
    </ClInclude>
    <ClInclude Include="src\graphics\native\Universal\OpenCL\KernelLoader.h">
      <Filter>Headerdateien</Filter>
    </ClInclude>
  </ItemGroup>
  <ItemGroup>
    <ClCompile Include="src\graphics\Window.cpp">
      <Filter>Quelldateien</Filter>
    </ClCompile>
    <ClCompile Include="src\events\Event.cpp">
      <Filter>Quelldateien</Filter>
    </ClCompile>
    <ClCompile Include="src\events\Win_Events.cpp">
      <Filter>Quelldateien</Filter>
    </ClCompile>
    <ClCompile Include="src\graphics\Shader.cpp">
      <Filter>Quelldateien</Filter>
    </ClCompile>
    <ClCompile Include="src\util\FileUtil.cpp">
      <Filter>Quelldateien</Filter>
    </ClCompile>
    <ClCompile Include="src\graphics\Camera.cpp">
      <Filter>Quelldateien</Filter>
    </ClCompile>
    <ClCompile Include="src\graphics\objects\Mesh.cpp">
      <Filter>Quelldateien</Filter>
    </ClCompile>
    <ClCompile Include="src\graphics\objects\Sphere.cpp">
      <Filter>Quelldateien</Filter>
    </ClCompile>
    <ClCompile Include="src\graphics\native\Universal\OpenCL\GleanCL.cpp">
      <Filter>Quelldateien</Filter>
    </ClCompile>
    <ClCompile Include="src\graphics\native\Universal\OpenGL\GleanGL.cpp">
      <Filter>Quelldateien</Filter>
    </ClCompile>
    <ClCompile Include="src\graphics\native\Universal\RendererOpenGL.cpp">
      <Filter>Quelldateien</Filter>
    </ClCompile>
    <ClCompile Include="src\graphics\native\Windows\Win_Library.cpp">
      <Filter>Quelldateien</Filter>
    </ClCompile>
    <ClCompile Include="src\graphics\native\Windows\Win_Window.cpp">
      <Filter>Quelldateien</Filter>
    </ClCompile>
    <ClCompile Include="src\graphics\lighting\Light.cpp">
      <Filter>Quelldateien</Filter>
    </ClCompile>
    <ClCompile Include="src\graphics\lighting\Material.cpp">
      <Filter>Quelldateien</Filter>
    </ClCompile>
    <ClCompile Include="src\graphics\native\Universal\OpenCL\KernelLoader.cpp">
      <Filter>Quelldateien</Filter>
    </ClCompile>
  </ItemGroup>
  <ItemGroup>
    <None Include="src\graphics\Mac\Mac_Library.mm" />
    <None Include="src\graphics\Mac\Mac_Window.mm" />
  </ItemGroup>
</Project>